argparse 0.5.0-1||production
busted 2.0.rc12-1||testing
dkjson 2.5-2||testing
inspect 3.1.0-1||development
lua-resty-repl 0.0.6-0||development
lua-term 0.7-1||testing
lua_cliargs 3.0-1||testing
luafilesystem 1.7.0-2||testing
luarocks 2.4.3-1||production
luassert 1.7.10-0||testing
luasystem 0.2.1-0||testing
mediator_lua 1.1.2-0||testing
penlight 1.5.4-1||testing
say 1.3-1||testing